
Microsoft Visual Studio Solution File, Format Version 12.00
# Visual Studio Version 16
VisualStudioVersion = 16.0.30320.27
MinimumVisualStudioVersion = 10.0.40219.1
Project("{FAE04EC0-301F-11D3-BF4B-00C04F79EFBC}") = "Gui", "..\Gui\Gui.csproj", "{36A0CA6C-831F-45C6-9FBD-A510811E1BE0}"
EndProject
Project("{FAE04EC0-301F-11D3-BF4B-00C04F79EFBC}") = "Dal", "..\Dal\Dal.csproj", "{9FD4F048-3702-46B1-8F77-EAAA32CD20B7}"
EndProject
Project("{FAE04EC0-301F-11D3-BF4B-00C04F79EFBC}") = "Bll", "..\Bll\Bll.csproj", "{16015F5A-811F-49A8-A075-36F52D0DA532}"
EndProject
Project("{FAE04EC0-301F-11D3-BF4B-00C04F79EFBC}") = "Dto", "..\Dto\Dto.csproj", "{FE689678-1E8F-48BF-AE49-EB80172A1970}"
EndProject
Global
	GlobalSection(SolutionConfigurationPlatforms) = preSolution
		Debug|Any CPU = Debug|Any CPU
		Release|Any CPU = Release|Any CPU
	EndGlobalSection
	GlobalSection(ProjectConfigurationPlatforms) = postSolution
		{36A0CA6C-831F-45C6-9FBD-A510811E1BE0}.Debug|Any CPU.ActiveCfg = Debug|Any CPU
		{36A0CA6C-831F-45C6-9FBD-A510811E1BE0}.Debug|Any CPU.Build.0 = Debug|Any CPU
		{36A0CA6C-831F-45C6-9FBD-A510811E1BE0}.Release|Any CPU.ActiveCfg = Release|Any CPU
		{36A0CA6C-831F-45C6-9FBD-A510811E1BE0}.Release|Any CPU.Build.0 = Release|Any CPU
		{9FD4F048-3702-46B1-8F77-EAAA32CD20B7}.Debug|Any CPU.ActiveCfg = Debug|Any CPU
		{9FD4F048-3702-46B1-8F77-EAAA32CD20B7}.Debug|Any CPU.Build.0 = Debug|Any CPU
		{9FD4F048-3702-46B1-8F77-EAAA32CD20B7}.Release|Any CPU.ActiveCfg = Release|Any CPU
		{9FD4F048-3702-46B1-8F77-EAAA32CD20B7}.Release|Any CPU.Build.0 = Release|Any CPU
		{16015F5A-811F-49A8-A075-36F52D0DA532}.Debug|Any CPU.ActiveCfg = Debug|Any CPU
		{16015F5A-811F-49A8-A075-36F52D0DA532}.Debug|Any CPU.Build.0 = Debug|Any CPU
		{16015F5A-811F-49A8-A075-36F52D0DA532}.Release|Any CPU.ActiveCfg = Release|Any CPU
		{16015F5A-811F-49A8-A075-36F52D0DA532}.Release|Any CPU.Build.0 = Release|Any CPU
		{FE689678-1E8F-48BF-AE49-EB80172A1970}.Debug|Any CPU.ActiveCfg = Debug|Any CPU
		{FE689678-1E8F-48BF-AE49-EB80172A1970}.Debug|Any CPU.Build.0 = Debug|Any CPU
		{FE689678-1E8F-48BF-AE49-EB80172A1970}.Release|Any CPU.ActiveCfg = Release|Any CPU
		{FE689678-1E8F-48BF-AE49-EB80172A1970}.Release|Any CPU.Build.0 = Release|Any CPU
	EndGlobalSection
	GlobalSection(SolutionProperties) = preSolution
		HideSolutionNode = FALSE
	EndGlobalSection
	GlobalSection(ExtensibilityGlobals) = postSolution
		SolutionGuid = {E77205C1-6845-43C1-93C9-DE72D5C33243}
	EndGlobalSection
EndGlobal
